
Microsoft Visual Studio Solution File, Format Version 12.00
# Visual Studio 15
VisualStudioVersion = 15.0.28010.2036
MinimumVisualStudioVersion = 10.0.40219.1
Project("{FAE04EC0-301F-11D3-BF4B-00C04F79EFBC}") = "DevSlop", "DevSlop\DevSlop.csproj", "{52CC4DF8-D415-450E-9B8E-BCEAE12FEC22}"
EndProject
Project("{FAE04EC0-301F-11D3-BF4B-00C04F79EFBC}") = "UnitTests.DevSlop", "UnitTests.DevSlop\UnitTests.DevSlop.csproj", "{331C1C9B-654A-43D2-890C-BACE9F7F5511}"
EndProject
Global
	GlobalSection(SolutionConfigurationPlatforms) = preSolution
		Debug|Any CPU = Debug|Any CPU
		Release|Any CPU = Release|Any CPU
	EndGlobalSection
	GlobalSection(ProjectConfigurationPlatforms) = postSolution
		{52CC4DF8-D415-450E-9B8E-BCEAE12FEC22}.Debug|Any CPU.ActiveCfg = Debug|Any CPU
		{52CC4DF8-D415-450E-9B8E-BCEAE12FEC22}.Debug|Any CPU.Build.0 = Debug|Any CPU
		{52CC4DF8-D415-450E-9B8E-BCEAE12FEC22}.Release|Any CPU.ActiveCfg = Release|Any CPU
		{52CC4DF8-D415-450E-9B8E-BCEAE12FEC22}.Release|Any CPU.Build.0 = Release|Any CPU
		{331C1C9B-654A-43D2-890C-BACE9F7F5511}.Debug|Any CPU.ActiveCfg = Debug|Any CPU
		{331C1C9B-654A-43D2-890C-BACE9F7F5511}.Debug|Any CPU.Build.0 = Debug|Any CPU
		{331C1C9B-654A-43D2-890C-BACE9F7F5511}.Release|Any CPU.ActiveCfg = Release|Any CPU
		{331C1C9B-654A-43D2-890C-BACE9F7F5511}.Release|Any CPU.Build.0 = Release|Any CPU
	EndGlobalSection
	GlobalSection(SolutionProperties) = preSolution
		HideSolutionNode = FALSE
	EndGlobalSection
	GlobalSection(ExtensibilityGlobals) = postSolution
		SolutionGuid = {D6526283-019D-45BC-87B8-EEB5FD5CEE5D}
	EndGlobalSection
EndGlobal
