
Microsoft Visual Studio Solution File, Format Version 12.00
# Visual Studio 15
Project("{FAE04EC0-301F-11D3-BF4B-00C04F79EFBC}") = "DevSlop", "DevSlop.csproj", "{3C0EE6AE-DCAF-4B1F-AAE4-43E5AA2ED028}"
EndProject
Global
	GlobalSection(SolutionConfigurationPlatforms) = preSolution
		Debug|Any CPU = Debug|Any CPU
		Release|Any CPU = Release|Any CPU
	EndGlobalSection
	GlobalSection(ProjectConfigurationPlatforms) = postSolution
		{3C0EE6AE-DCAF-4B1F-AAE4-43E5AA2ED028}.Debug|Any CPU.ActiveCfg = Debug|Any CPU
		{3C0EE6AE-DCAF-4B1F-AAE4-43E5AA2ED028}.Debug|Any CPU.Build.0 = Debug|Any CPU
		{3C0EE6AE-DCAF-4B1F-AAE4-43E5AA2ED028}.Release|Any CPU.ActiveCfg = Release|Any CPU
		{3C0EE6AE-DCAF-4B1F-AAE4-43E5AA2ED028}.Release|Any CPU.Build.0 = Release|Any CPU
	EndGlobalSection
EndGlobal
